// !$*UTF8*$!
{
	archiveVersion = 1;
	classes = {
	};
	objectVersion = 55;
	objects = {

/* Begin PBXBuildFile section */
		E2892BC82847E7670049987D /* AppDelegate.swift in Sources */ = {isa = PBXBuildFile; fileRef = E2892BC72847E7670049987D /* AppDelegate.swift */; };
		E2892BCA2847E7670049987D /* SceneDelegate.swift in Sources */ = {isa = PBXBuildFile; fileRef = E2892BC92847E7670049987D /* SceneDelegate.swift */; };
		E2892BCC2847E7670049987D /* ViewController.swift in Sources */ = {isa = PBXBuildFile; fileRef = E2892BCB2847E7670049987D /* ViewController.swift */; };
		E2892BCF2847E7670049987D /* Main.storyboard in Resources */ = {isa = PBXBuildFile; fileRef = E2892BCD2847E7670049987D /* Main.storyboard */; };
		E2892BD12847E7680049987D /* Assets.xcassets in Resources */ = {isa = PBXBuildFile; fileRef = E2892BD02847E7680049987D /* Assets.xcassets */; };
		E2892BD42847E7680049987D /* LaunchScreen.storyboard in Resources */ = {isa = PBXBuildFile; fileRef = E2892BD22847E7680049987D /* LaunchScreen.storyboard */; };
		E2892BDF2847E7690049987D /* financeAppTests.swift in Sources */ = {isa = PBXBuildFile; fileRef = E2892BDE2847E7690049987D /* financeAppTests.swift */; };
		E2892BE92847E7690049987D /* financeAppUITests.swift in Sources */ = {isa = PBXBuildFile; fileRef = E2892BE82847E7690049987D /* financeAppUITests.swift */; };
		E2892BEB2847E7690049987D /* financeAppUITestsLaunchTests.swift in Sources */ = {isa = PBXBuildFile; fileRef = E2892BEA2847E7690049987D /* financeAppUITestsLaunchTests.swift */; };
/* End PBXBuildFile section */

/* Begin PBXContainerItemProxy section */
		E2892BDB2847E7690049987D /* PBXContainerItemProxy */ = {
			isa = PBXContainerItemProxy;
			containerPortal = E2892BBC2847E7670049987D /* Project object */;
			proxyType = 1;
			remoteGlobalIDString = E2892BC32847E7670049987D;
			remoteInfo = financeApp;
		};
		E2892BE52847E7690049987D /* PBXContainerItemProxy */ = {
			isa = PBXContainerItemProxy;
			containerPortal = E2892BBC2847E7670049987D /* Project object */;
			proxyType = 1;
			remoteGlobalIDString = E2892BC32847E7670049987D;
			remoteInfo = financeApp;
		};
/* End PBXContainerItemProxy section */

/* Begin PBXFileReference section */
		E2892BC42847E7670049987D /* financeApp.app */ = {isa = PBXFileReference; explicitFileType = wrapper.application; includeInIndex = 0; path = financeApp.app; sourceTree = BUILT_PRODUCTS_DIR; };
		E2892BC72847E7670049987D /* AppDelegate.swift */ = {isa = PBXFileReference; lastKnownFileType = sourcecode.swift; path = AppDelegate.swift; sourceTree = "<group>"; };
		E2892BC92847E7670049987D /* SceneDelegate.swift */ = {isa = PBXFileReference; lastKnownFileType = sourcecode.swift; path = SceneDelegate.swift; sourceTree = "<group>"; };
		E2892BCB2847E7670049987D /* ViewController.swift */ = {isa = PBXFileReference; lastKnownFileType = sourcecode.swift; path = ViewController.swift; sourceTree = "<group>"; };
		E2892BCE2847E7670049987D /* Base */ = {isa = PBXFileReference; lastKnownFileType = file.storyboard; name = Base; path = Base.lproj/Main.storyboard; sourceTree = "<group>"; };
		E2892BD02847E7680049987D /* Assets.xcassets */ = {isa = PBXFileReference; lastKnownFileType = folder.assetcatalog; path = Assets.xcassets; sourceTree = "<group>"; };
		E2892BD32847E7680049987D /* Base */ = {isa = PBXFileReference; lastKnownFileType = file.storyboard; name = Base; path = Base.lproj/LaunchScreen.storyboard; sourceTree = "<group>"; };
		E2892BD52847E7680049987D /* Info.plist */ = {isa = PBXFileReference; lastKnownFileType = text.plist.xml; path = Info.plist; sourceTree = "<group>"; };
		E2892BDA2847E7690049987D /* financeAppTests.xctest */ = {isa = PBXFileReference; explicitFileType = wrapper.cfbundle; includeInIndex = 0; path = financeAppTests.xctest; sourceTree = BUILT_PRODUCTS_DIR; };
		E2892BDE2847E7690049987D /* financeAppTests.swift */ = {isa = PBXFileReference; lastKnownFileType = sourcecode.swift; path = financeAppTests.swift; sourceTree = "<group>"; };
		E2892BE42847E7690049987D /* financeAppUITests.xctest */ = {isa = PBXFileReference; explicitFileType = wrapper.cfbundle; includeInIndex = 0; path = financeAppUITests.xctest; sourceTree = BUILT_PRODUCTS_DIR; };
		E2892BE82847E7690049987D /* financeAppUITests.swift */ = {isa = PBXFileReference; lastKnownFileType = sourcecode.swift; path = financeAppUITests.swift; sourceTree = "<group>"; };
		E2892BEA2847E7690049987D /* financeAppUITestsLaunchTests.swift */ = {isa = PBXFileReference; lastKnownFileType = sourcecode.swift; path = financeAppUITestsLaunchTests.swift; sourceTree = "<group>"; };
/* End PBXFileReference section */

/* Begin PBXFrameworksBuildPhase section */
		E2892BC12847E7670049987D /* Frameworks */ = {
			isa = PBXFrameworksBuildPhase;
			buildActionMask = 2147483647;
			files = (
			);
			runOnlyForDeploymentPostprocessing = 0;
		};
		E2892BD72847E7690049987D /* Frameworks */ = {
			isa = PBXFrameworksBuildPhase;
			buildActionMask = 2147483647;
			files = (
			);
			runOnlyForDeploymentPostprocessing = 0;
		};
		E2892BE12847E7690049987D /* Frameworks */ = {
			isa = PBXFrameworksBuildPhase;
			buildActionMask = 2147483647;
			files = (
			);
			runOnlyForDeploymentPostprocessing = 0;
		};
/* End PBXFrameworksBuildPhase section */

/* Begin PBXGroup section */
		E2892BBB2847E7670049987D = {
			isa = PBXGroup;
			children = (
				E2892BC62847E7670049987D /* financeApp */,
				E2892BDD2847E7690049987D /* financeAppTests */,
				E2892BE72847E7690049987D /* financeAppUITests */,
				E2892BC52847E7670049987D /* Products */,
			);
			sourceTree = "<group>";
		};
		E2892BC52847E7670049987D /* Products */ = {
			isa = PBXGroup;
			children = (
				E2892BC42847E7670049987D /* financeApp.app */,
				E2892BDA2847E7690049987D /* financeAppTests.xctest */,
				E2892BE42847E7690049987D /* financeAppUITests.xctest */,
			);
			name = Products;
			sourceTree = "<group>";
		};
		E2892BC62847E7670049987D /* financeApp */ = {
			isa = PBXGroup;
			children = (
				E2892BC72847E7670049987D /* AppDelegate.swift */,
				E2892BC92847E7670049987D /* SceneDelegate.swift */,
				E2892BCB2847E7670049987D /* ViewController.swift */,
				E2892BCD2847E7670049987D /* Main.storyboard */,
				E2892BD02847E7680049987D /* Assets.xcassets */,
				E2892BD22847E7680049987D /* LaunchScreen.storyboard */,
				E2892BD52847E7680049987D /* Info.plist */,
			);
			path = financeApp;
			sourceTree = "<group>";
		};
		E2892BDD2847E7690049987D /* financeAppTests */ = {
			isa = PBXGroup;
			children = (
				E2892BDE2847E7690049987D /* financeAppTests.swift */,
			);
			path = financeAppTests;
			sourceTree = "<group>";
		};
		E2892BE72847E7690049987D /* financeAppUITests */ = {
			isa = PBXGroup;
			children = (
				E2892BE82847E7690049987D /* financeAppUITests.swift */,
				E2892BEA2847E7690049987D /* financeAppUITestsLaunchTests.swift */,
			);
			path = financeAppUITests;
			sourceTree = "<group>";
		};
/* End PBXGroup section */

/* Begin PBXNativeTarget section */
		E2892BC32847E7670049987D /* financeApp */ = {
			isa = PBXNativeTarget;
			buildConfigurationList = E2892BEE2847E7690049987D /* Build configuration list for PBXNativeTarget "financeApp" */;
			buildPhases = (
				E2892BC02847E7670049987D /* Sources */,
				E2892BC12847E7670049987D /* Frameworks */,
				E2892BC22847E7670049987D /* Resources */,
			);
			buildRules = (
			);
			dependencies = (
			);
			name = financeApp;
			productName = financeApp;
			productReference = E2892BC42847E7670049987D /* financeApp.app */;
			productType = "com.apple.product-type.application";
		};
		E2892BD92847E7690049987D /* financeAppTests */ = {
			isa = PBXNativeTarget;
			buildConfigurationList = E2892BF12847E7690049987D /* Build configuration list for PBXNativeTarget "financeAppTests" */;
			buildPhases = (
				E2892BD62847E7690049987D /* Sources */,
				E2892BD72847E7690049987D /* Frameworks */,
				E2892BD82847E7690049987D /* Resources */,
			);
			buildRules = (
			);
			dependencies = (
				E2892BDC2847E7690049987D /* PBXTargetDependency */,
			);
			name = financeAppTests;
			productName = financeAppTests;
			productReference = E2892BDA2847E7690049987D /* financeAppTests.xctest */;
			productType = "com.apple.product-type.bundle.unit-test";
		};
		E2892BE32847E7690049987D /* financeAppUITests */ = {
			isa = PBXNativeTarget;
			buildConfigurationList = E2892BF42847E7690049987D /* Build configuration list for PBXNativeTarget "financeAppUITests" */;
			buildPhases = (
				E2892BE02847E7690049987D /* Sources */,
				E2892BE12847E7690049987D /* Frameworks */,
				E2892BE22847E7690049987D /* Resources */,
			);
			buildRules = (
			);
			dependencies = (
				E2892BE62847E7690049987D /* PBXTargetDependency */,
			);
			name = financeAppUITests;
			productName = financeAppUITests;
			productReference = E2892BE42847E7690049987D /* financeAppUITests.xctest */;
			productType = "com.apple.product-type.bundle.ui-testing";
		};
/* End PBXNativeTarget section */

/* Begin PBXProject section */
		E2892BBC2847E7670049987D /* Project object */ = {
			isa = PBXProject;
			attributes = {
				BuildIndependentTargetsInParallel = 1;
				LastSwiftUpdateCheck = 1310;
				LastUpgradeCheck = 1310;
				TargetAttributes = {
					E2892BC32847E7670049987D = {
						CreatedOnToolsVersion = 13.1;
					};
					E2892BD92847E7690049987D = {
						CreatedOnToolsVersion = 13.1;
						TestTargetID = E2892BC32847E7670049987D;
					};
					E2892BE32847E7690049987D = {
						CreatedOnToolsVersion = 13.1;
						TestTargetID = E2892BC32847E7670049987D;
					};
				};
			};
			buildConfigurationList = E2892BBF2847E7670049987D /* Build configuration list for PBXProject "financeApp" */;
			compatibilityVersion = "Xcode 13.0";
			developmentRegion = en;
			hasScannedForEncodings = 0;
			knownRegions = (
				en,
				Base,
			);
			mainGroup = E2892BBB2847E7670049987D;
			productRefGroup = E2892BC52847E7670049987D /* Products */;
			projectDirPath = "";
			projectRoot = "";
			targets = (
				E2892BC32847E7670049987D /* financeApp */,
				E2892BD92847E7690049987D /* financeAppTests */,
				E2892BE32847E7690049987D /* financeAppUITests */,
			);
		};
/* End PBXProject section */

/* Begin PBXResourcesBuildPhase section */
		E2892BC22847E7670049987D /* Resources */ = {
			isa = PBXResourcesBuildPhase;
			buildActionMask = 2147483647;
			files = (
				E2892BD42847E7680049987D /* LaunchScreen.storyboard in Resources */,
				E2892BD12847E7680049987D /* Assets.xcassets in Resources */,
				E2892BCF2847E7670049987D /* Main.storyboard in Resources */,
			);
			runOnlyForDeploymentPostprocessing = 0;
		};
		E2892BD82847E7690049987D /* Resources */ = {
			isa = PBXResourcesBuildPhase;
			buildActionMask = 2147483647;
			files = (
			);
			runOnlyForDeploymentPostprocessing = 0;
		};
		E2892BE22847E7690049987D /* Resources */ = {
			isa = PBXResourcesBuildPhase;
			buildActionMask = 2147483647;
			files = (
			);
			runOnlyForDeploymentPostprocessing = 0;
		};
/* End PBXResourcesBuildPhase section */

/* Begin PBXSourcesBuildPhase section */
		E2892BC02847E7670049987D /* Sources */ = {
			isa = PBXSourcesBuildPhase;
			buildActionMask = 2147483647;
			files = (
				E2892BCC2847E7670049987D /* ViewController.swift in Sources */,
				E2892BC82847E7670049987D /* AppDelegate.swift in Sources */,
				E2892BCA2847E7670049987D /* SceneDelegate.swift in Sources */,
			);
			runOnlyForDeploymentPostprocessing = 0;
		};
		E2892BD62847E7690049987D /* Sources */ = {
			isa = PBXSourcesBuildPhase;
			buildActionMask = 2147483647;
			files = (
				E2892BDF2847E7690049987D /* financeAppTests.swift in Sources */,
			);
			runOnlyForDeploymentPostprocessing = 0;
		};
		E2892BE02847E7690049987D /* Sources */ = {
			isa = PBXSourcesBuildPhase;
			buildActionMask = 2147483647;
			files = (
				E2892BE92847E7690049987D /* financeAppUITests.swift in Sources */,
				E2892BEB2847E7690049987D /* financeAppUITestsLaunchTests.swift in Sources */,
			);
			runOnlyForDeploymentPostprocessing = 0;
		};
/* End PBXSourcesBuildPhase section */

/* Begin PBXTargetDependency section */
		E2892BDC2847E7690049987D /* PBXTargetDependency */ = {
			isa = PBXTargetDependency;
			target = E2892BC32847E7670049987D /* financeApp */;
			targetProxy = E2892BDB2847E7690049987D /* PBXContainerItemProxy */;
		};
		E2892BE62847E7690049987D /* PBXTargetDependency */ = {
			isa = PBXTargetDependency;
			target = E2892BC32847E7670049987D /* financeApp */;
			targetProxy = E2892BE52847E7690049987D /* PBXContainerItemProxy */;
		};
/* End PBXTargetDependency section */

/* Begin PBXVariantGroup section */
		E2892BCD2847E7670049987D /* Main.storyboard */ = {
			isa = PBXVariantGroup;
			children = (
				E2892BCE2847E7670049987D /* Base */,
			);
			name = Main.storyboard;
			sourceTree = "<group>";
		};
		E2892BD22847E7680049987D /* LaunchScreen.storyboard */ = {
			isa = PBXVariantGroup;
			children = (
				E2892BD32847E7680049987D /* Base */,
			);
			name = LaunchScreen.storyboard;
			sourceTree = "<group>";
		};
/* End PBXVariantGroup section */

/* Begin XCBuildConfiguration section */
		E2892BEC2847E7690049987D /* Debug */ = {
			isa = XCBuildConfiguration;
			buildSettings = {
				ALWAYS_SEARCH_USER_PATHS = NO;
				CLANG_ANALYZER_NONNULL = YES;
				CLANG_ANALYZER_NUMBER_OBJECT_CONVERSION = YES_AGGRESSIVE;
				CLANG_CXX_LANGUAGE_STANDARD = "gnu++17";
				CLANG_CXX_LIBRARY = "libc++";
				CLANG_ENABLE_MODULES = YES;
				CLANG_ENABLE_OBJC_ARC = YES;
				CLANG_ENABLE_OBJC_WEAK = YES;
				CLANG_WARN_BLOCK_CAPTURE_AUTORELEASING = YES;
				CLANG_WARN_BOOL_CONVERSION = YES;
				CLANG_WARN_COMMA = YES;
				CLANG_WARN_CONSTANT_CONVERSION = YES;
				CLANG_WARN_DEPRECATED_OBJC_IMPLEMENTATIONS = YES;
				CLANG_WARN_DIRECT_OBJC_ISA_USAGE = YES_ERROR;
				CLANG_WARN_DOCUMENTATION_COMMENTS = YES;
				CLANG_WARN_EMPTY_BODY = YES;
				CLANG_WARN_ENUM_CONVERSION = YES;
				CLANG_WARN_INFINITE_RECURSION = YES;
				CLANG_WARN_INT_CONVERSION = YES;
				CLANG_WARN_NON_LITERAL_NULL_CONVERSION = YES;
				CLANG_WARN_OBJC_IMPLICIT_RETAIN_SELF = YES;
				CLANG_WARN_OBJC_LITERAL_CONVERSION = YES;
				CLANG_WARN_OBJC_ROOT_CLASS = YES_ERROR;
				CLANG_WARN_QUOTED_INCLUDE_IN_FRAMEWORK_HEADER = YES;
				CLANG_WARN_RANGE_LOOP_ANALYSIS = YES;
				CLANG_WARN_STRICT_PROTOTYPES = YES;
				CLANG_WARN_SUSPICIOUS_MOVE = YES;
				CLANG_WARN_UNGUARDED_AVAILABILITY = YES_AGGRESSIVE;
				CLANG_WARN_UNREACHABLE_CODE = YES;
				CLANG_WARN__DUPLICATE_METHOD_MATCH = YES;
				COPY_PHASE_STRIP = NO;
				DEBUG_INFORMATION_FORMAT = dwarf;
				ENABLE_STRICT_OBJC_MSGSEND = YES;
				ENABLE_TESTABILITY = YES;
				GCC_C_LANGUAGE_STANDARD = gnu11;
				GCC_DYNAMIC_NO_PIC = NO;
				GCC_NO_COMMON_BLOCKS = YES;
				GCC_OPTIMIZATION_LEVEL = 0;
				GCC_PREPROCESSOR_DEFINITIONS = (
					"DEBUG=1",
					"$(inherited)",
				);
				GCC_WARN_64_TO_32_BIT_CONVERSION = YES;
				GCC_WARN_ABOUT_RETURN_TYPE = YES_ERROR;
				GCC_WARN_UNDECLARED_SELECTOR = YES;
				GCC_WARN_UNINITIALIZED_AUTOS = YES_AGGRESSIVE;
				GCC_WARN_UNUSED_FUNCTION = YES;
				GCC_WARN_UNUSED_VARIABLE = YES;
				IPHONEOS_DEPLOYMENT_TARGET = 15.0;
				MTL_ENABLE_DEBUG_INFO = INCLUDE_SOURCE;
				MTL_FAST_MATH = YES;
				ONLY_ACTIVE_ARCH = YES;
				SDKROOT = iphoneos;
				SWIFT_ACTIVE_COMPILATION_CONDITIONS = DEBUG;
				SWIFT_OPTIMIZATION_LEVEL = "-Onone";
			};
			name = Debug;
		};
		E2892BED2847E7690049987D /* Release */ = {
			isa = XCBuildConfiguration;
			buildSettings = {
				ALWAYS_SEARCH_USER_PATHS = NO;
				CLANG_ANALYZER_NONNULL = YES;
				CLANG_ANALYZER_NUMBER_OBJECT_CONVERSION = YES_AGGRESSIVE;
				CLANG_CXX_LANGUAGE_STANDARD = "gnu++17";
				CLANG_CXX_LIBRARY = "libc++";
				CLANG_ENABLE_MODULES = YES;
				CLANG_ENABLE_OBJC_ARC = YES;
				CLANG_ENABLE_OBJC_WEAK = YES;
				CLANG_WARN_BLOCK_CAPTURE_AUTORELEASING = YES;
				CLANG_WARN_BOOL_CONVERSION = YES;
				CLANG_WARN_COMMA = YES;
				CLANG_WARN_CONSTANT_CONVERSION = YES;
				CLANG_WARN_DEPRECATED_OBJC_IMPLEMENTATIONS = YES;
				CLANG_WARN_DIRECT_OBJC_ISA_USAGE = YES_ERROR;
				CLANG_WARN_DOCUMENTATION_COMMENTS = YES;
				CLANG_WARN_EMPTY_BODY = YES;
				CLANG_WARN_ENUM_CONVERSION = YES;
				CLANG_WARN_INFINITE_RECURSION = YES;
				CLANG_WARN_INT_CONVERSION = YES;
				CLANG_WARN_NON_LITERAL_NULL_CONVERSION = YES;
				CLANG_WARN_OBJC_IMPLICIT_RETAIN_SELF = YES;
				CLANG_WARN_OBJC_LITERAL_CONVERSION = YES;
				CLANG_WARN_OBJC_ROOT_CLASS = YES_ERROR;
				CLANG_WARN_QUOTED_INCLUDE_IN_FRAMEWORK_HEADER = YES;
				CLANG_WARN_RANGE_LOOP_ANALYSIS = YES;
				CLANG_WARN_STRICT_PROTOTYPES = YES;
				CLANG_WARN_SUSPICIOUS_MOVE = YES;
				CLANG_WARN_UNGUARDED_AVAILABILITY = YES_AGGRESSIVE;
				CLANG_WARN_UNREACHABLE_CODE = YES;
				CLANG_WARN__DUPLICATE_METHOD_MATCH = YES;
				COPY_PHASE_STRIP = NO;
				DEBUG_INFORMATION_FORMAT = "dwarf-with-dsym";
				ENABLE_NS_ASSERTIONS = NO;
				ENABLE_STRICT_OBJC_MSGSEND = YES;
				GCC_C_LANGUAGE_STANDARD = gnu11;
				GCC_NO_COMMON_BLOCKS = YES;
				GCC_WARN_64_TO_32_BIT_CONVERSION = YES;
				GCC_WARN_ABOUT_RETURN_TYPE = YES_ERROR;
				GCC_WARN_UNDECLARED_SELECTOR = YES;
				GCC_WARN_UNINITIALIZED_AUTOS = YES_AGGRESSIVE;
				GCC_WARN_UNUSED_FUNCTION = YES;
				GCC_WARN_UNUSED_VARIABLE = YES;
				IPHONEOS_DEPLOYMENT_TARGET = 15.0;
				MTL_ENABLE_DEBUG_INFO = NO;
				MTL_FAST_MATH = YES;
				SDKROOT = iphoneos;
				SWIFT_COMPILATION_MODE = wholemodule;
				SWIFT_OPTIMIZATION_LEVEL = "-O";
				VALIDATE_PRODUCT = YES;
			};
			name = Release;
		};
		E2892BEF2847E7690049987D /* Debug */ = {
			isa = XCBuildConfiguration;
			buildSettings = {
				ASSETCATALOG_COMPILER_APPICON_NAME = AppIcon;
				ASSETCATALOG_COMPILER_GLOBAL_ACCENT_COLOR_NAME = AccentColor;
				CODE_SIGN_STYLE = Automatic;
				CURRENT_PROJECT_VERSION = 1;
				DEVELOPMENT_TEAM = Q2NB997JDV;
				GENERATE_INFOPLIST_FILE = YES;
				INFOPLIST_FILE = financeApp/Info.plist;
				INFOPLIST_KEY_UIApplicationSupportsIndirectInputEvents = YES;
				INFOPLIST_KEY_UILaunchStoryboardName = LaunchScreen;
				INFOPLIST_KEY_UIMainStoryboardFile = Main;
				INFOPLIST_KEY_UISupportedInterfaceOrientations_iPad = "UIInterfaceOrientationPortrait UIInterfaceOrientationPortraitUpsideDown UIInterfaceOrientationLandscapeLeft UIInterfaceOrientationLandscapeRight";
				INFOPLIST_KEY_UISupportedInterfaceOrientations_iPhone = "UIInterfaceOrientationPortrait UIInterfaceOrientationLandscapeLeft UIInterfaceOrientationLandscapeRight";
				LD_RUNPATH_SEARCH_PATHS = (
					"$(inherited)",
					"@executable_path/Frameworks",
				);
				MARKETING_VERSION = 1.0;
				PRODUCT_BUNDLE_IDENTIFIER = com.str.financeApp;
				PRODUCT_NAME = "$(TARGET_NAME)";
				SWIFT_EMIT_LOC_STRINGS = YES;
				SWIFT_VERSION = 5.0;
				TARGETED_DEVICE_FAMILY = "1,2";
			};
			name = Debug;
		};
		E2892BF02847E7690049987D /* Release */ = {
			isa = XCBuildConfiguration;
			buildSettings = {
				ASSETCATALOG_COMPILER_APPICON_NAME = AppIcon;
				ASSETCATALOG_COMPILER_GLOBAL_ACCENT_COLOR_NAME = AccentColor;
				CODE_SIGN_STYLE = Automatic;
				CURRENT_PROJECT_VERSION = 1;
				DEVELOPMENT_TEAM = Q2NB997JDV;
				GENERATE_INFOPLIST_FILE = YES;
				INFOPLIST_FILE = financeApp/Info.plist;
				INFOPLIST_KEY_UIApplicationSupportsIndirectInputEvents = YES;
				INFOPLIST_KEY_UILaunchStoryboardName = LaunchScreen;
				INFOPLIST_KEY_UIMainStoryboardFile = Main;
				INFOPLIST_KEY_UISupportedInterfaceOrientations_iPad = "UIInterfaceOrientationPortrait UIInterfaceOrientationPortraitUpsideDown UIInterfaceOrientationLandscapeLeft UIInterfaceOrientationLandscapeRight";
				INFOPLIST_KEY_UISupportedInterfaceOrientations_iPhone = "UIInterfaceOrientationPortrait UIInterfaceOrientationLandscapeLeft UIInterfaceOrientationLandscapeRight";
				LD_RUNPATH_SEARCH_PATHS = (
					"$(inherited)",
					"@executable_path/Frameworks",
				);
				MARKETING_VERSION = 1.0;
				PRODUCT_BUNDLE_IDENTIFIER = com.str.financeApp;
				PRODUCT_NAME = "$(TARGET_NAME)";
				SWIFT_EMIT_LOC_STRINGS = YES;
				SWIFT_VERSION = 5.0;
				TARGETED_DEVICE_FAMILY = "1,2";
			};
			name = Release;
		};
		E2892BF22847E7690049987D /* Debug */ = {
			isa = XCBuildConfiguration;
			buildSettings = {
				ALWAYS_EMBED_SWIFT_STANDARD_LIBRARIES = YES;
				BUNDLE_LOADER = "$(TEST_HOST)";
				CODE_SIGN_STYLE = Automatic;
				CURRENT_PROJECT_VERSION = 1;
				DEVELOPMENT_TEAM = Q2NB997JDV;
				GENERATE_INFOPLIST_FILE = YES;
				IPHONEOS_DEPLOYMENT_TARGET = 15.0;
				LD_RUNPATH_SEARCH_PATHS = (
					"$(inherited)",
					"@executable_path/Frameworks",
					"@loader_path/Frameworks",
				);
				MARKETING_VERSION = 1.0;
				PRODUCT_BUNDLE_IDENTIFIER = com.str.financeAppTests;
				PRODUCT_NAME = "$(TARGET_NAME)";
				SWIFT_EMIT_LOC_STRINGS = NO;
				SWIFT_VERSION = 5.0;
				TARGETED_DEVICE_FAMILY = "1,2";
				TEST_HOST = "$(BUILT_PRODUCTS_DIR)/financeApp.app/financeApp";
			};
			name = Debug;
		};
		E2892BF32847E7690049987D /* Release */ = {
			isa = XCBuildConfiguration;
			buildSettings = {
				ALWAYS_EMBED_SWIFT_STANDARD_LIBRARIES = YES;
				BUNDLE_LOADER = "$(TEST_HOST)";
				CODE_SIGN_STYLE = Automatic;
				CURRENT_PROJECT_VERSION = 1;
				DEVELOPMENT_TEAM = Q2NB997JDV;
				GENERATE_INFOPLIST_FILE = YES;
				IPHONEOS_DEPLOYMENT_TARGET = 15.0;
				LD_RUNPATH_SEARCH_PATHS = (
					"$(inherited)",
					"@executable_path/Frameworks",
					"@loader_path/Frameworks",
				);
				MARKETING_VERSION = 1.0;
				PRODUCT_BUNDLE_IDENTIFIER = com.str.financeAppTests;
				PRODUCT_NAME = "$(TARGET_NAME)";
				SWIFT_EMIT_LOC_STRINGS = NO;
				SWIFT_VERSION = 5.0;
				TARGETED_DEVICE_FAMILY = "1,2";
				TEST_HOST = "$(BUILT_PRODUCTS_DIR)/financeApp.app/financeApp";
			};
			name = Release;
		};
		E2892BF52847E7690049987D /* Debug */ = {
			isa = XCBuildConfiguration;
			buildSettings = {
				ALWAYS_EMBED_SWIFT_STANDARD_LIBRARIES = YES;
				CODE_SIGN_STYLE = Automatic;
				CURRENT_PROJECT_VERSION = 1;
				DEVELOPMENT_TEAM = Q2NB997JDV;
				GENERATE_INFOPLIST_FILE = YES;
				LD_RUNPATH_SEARCH_PATHS = (
					"$(inherited)",
					"@executable_path/Frameworks",
					"@loader_path/Frameworks",
				);
				MARKETING_VERSION = 1.0;
				PRODUCT_BUNDLE_IDENTIFIER = com.str.financeAppUITests;
				PRODUCT_NAME = "$(TARGET_NAME)";
				SWIFT_EMIT_LOC_STRINGS = NO;
				SWIFT_VERSION = 5.0;
				TARGETED_DEVICE_FAMILY = "1,2";
				TEST_TARGET_NAME = financeApp;
			};
			name = Debug;
		};
		E2892BF62847E7690049987D /* Release */ = {
			isa = XCBuildConfiguration;
			buildSettings = {
				ALWAYS_EMBED_SWIFT_STANDARD_LIBRARIES = YES;
				CODE_SIGN_STYLE = Automatic;
				CURRENT_PROJECT_VERSION = 1;
				DEVELOPMENT_TEAM = Q2NB997JDV;
				GENERATE_INFOPLIST_FILE = YES;
				LD_RUNPATH_SEARCH_PATHS = (
					"$(inherited)",
					"@executable_path/Frameworks",
					"@loader_path/Frameworks",
				);
				MARKETING_VERSION = 1.0;
				PRODUCT_BUNDLE_IDENTIFIER = com.str.financeAppUITests;
				PRODUCT_NAME = "$(TARGET_NAME)";
				SWIFT_EMIT_LOC_STRINGS = NO;
				SWIFT_VERSION = 5.0;
				TARGETED_DEVICE_FAMILY = "1,2";
				TEST_TARGET_NAME = financeApp;
			};
			name = Release;
		};
/* End XCBuildConfiguration section */

/* Begin XCConfigurationList section */
		E2892BBF2847E7670049987D /* Build configuration list for PBXProject "financeApp" */ = {
			isa = XCConfigurationList;
			buildConfigurations = (
				E2892BEC2847E7690049987D /* Debug */,
				E2892BED2847E7690049987D /* Release */,
			);
			defaultConfigurationIsVisible = 0;
			defaultConfigurationName = Release;
		};
		E2892BEE2847E7690049987D /* Build configuration list for PBXNativeTarget "financeApp" */ = {
			isa = XCConfigurationList;
			buildConfigurations = (
				E2892BEF2847E7690049987D /* Debug */,
				E2892BF02847E7690049987D /* Release */,
			);
			defaultConfigurationIsVisible = 0;
			defaultConfigurationName = Release;
		};
		E2892BF12847E7690049987D /* Build configuration list for PBXNativeTarget "financeAppTests" */ = {
			isa = XCConfigurationList;
			buildConfigurations = (
				E2892BF22847E7690049987D /* Debug */,
				E2892BF32847E7690049987D /* Release */,
			);
			defaultConfigurationIsVisible = 0;
			defaultConfigurationName = Release;
		};
		E2892BF42847E7690049987D /* Build configuration list for PBXNativeTarget "financeAppUITests" */ = {
			isa = XCConfigurationList;
			buildConfigurations = (
				E2892BF52847E7690049987D /* Debug */,
				E2892BF62847E7690049987D /* Release */,
			);
			defaultConfigurationIsVisible = 0;
			defaultConfigurationName = Release;
		};
/* End XCConfigurationList section */
	};
	rootObject = E2892BBC2847E7670049987D /* Project object */;
}
